// !$*UTF8*$!
{
	archiveVersion = 1;
	classes = {
	};
	objectVersion = 50;
	objects = {

/* Begin PBXBuildFile section */
		50455B97234F3444004B3601 /* CoreBluetooth.framework in Frameworks */ = {isa = PBXBuildFile; fileRef = 50455B96234F3444004B3601 /* CoreBluetooth.framework */; };
		505E910D235DCB5800894282 /* BesPeripheralInfoTableViewCell.swift in Sources */ = {isa = PBXBuildFile; fileRef = 505E910C235DCB5800894282 /* BesPeripheralInfoTableViewCell.swift */; };
		922FC56D2272832C0073879E /* PeripheralViewController.swift in Sources */ = {isa = PBXBuildFile; fileRef = 922FC56C2272832C0073879E /* PeripheralViewController.swift */; };
		92C6ED95226FCB7900B6011C /* AppDelegate.swift in Sources */ = {isa = PBXBuildFile; fileRef = 92C6ED94226FCB7900B6011C /* AppDelegate.swift */; };
		92C6ED97226FCB7900B6011C /* CentralViewController.swift in Sources */ = {isa = PBXBuildFile; fileRef = 92C6ED96226FCB7900B6011C /* CentralViewController.swift */; };
		92C6ED9A226FCB7900B6011C /* Main.storyboard in Resources */ = {isa = PBXBuildFile; fileRef = 92C6ED98226FCB7900B6011C /* Main.storyboard */; };
		92C6ED9C226FCB7A00B6011C /* Assets.xcassets in Resources */ = {isa = PBXBuildFile; fileRef = 92C6ED9B226FCB7A00B6011C /* Assets.xcassets */; };
		92C6ED9F226FCB7A00B6011C /* LaunchScreen.storyboard in Resources */ = {isa = PBXBuildFile; fileRef = 92C6ED9D226FCB7A00B6011C /* LaunchScreen.storyboard */; };
/* End PBXBuildFile section */

/* Begin PBXFileReference section */
		50455B96234F3444004B3601 /* CoreBluetooth.framework */ = {isa = PBXFileReference; lastKnownFileType = wrapper.framework; name = CoreBluetooth.framework; path = System/Library/Frameworks/CoreBluetooth.framework; sourceTree = SDKROOT; };
		505E910C235DCB5800894282 /* BesPeripheralInfoTableViewCell.swift */ = {isa = PBXFileReference; lastKnownFileType = sourcecode.swift; path = BesPeripheralInfoTableViewCell.swift; sourceTree = "<group>"; };
		922FC56C2272832C0073879E /* PeripheralViewController.swift */ = {isa = PBXFileReference; lastKnownFileType = sourcecode.swift; path = PeripheralViewController.swift; sourceTree = "<group>"; };
		92C6ED91226FCB7900B6011C /* CoreBluetoothClassicSample.app */ = {isa = PBXFileReference; explicitFileType = wrapper.application; includeInIndex = 0; path = CoreBluetoothClassicSample.app; sourceTree = BUILT_PRODUCTS_DIR; };
		92C6ED94226FCB7900B6011C /* AppDelegate.swift */ = {isa = PBXFileReference; lastKnownFileType = sourcecode.swift; path = AppDelegate.swift; sourceTree = "<group>"; };
		92C6ED96226FCB7900B6011C /* CentralViewController.swift */ = {isa = PBXFileReference; lastKnownFileType = sourcecode.swift; path = CentralViewController.swift; sourceTree = "<group>"; };
		92C6ED99226FCB7900B6011C /* Base */ = {isa = PBXFileReference; lastKnownFileType = file.storyboard; name = Base; path = Base.lproj/Main.storyboard; sourceTree = "<group>"; };
		92C6ED9B226FCB7A00B6011C /* Assets.xcassets */ = {isa = PBXFileReference; lastKnownFileType = folder.assetcatalog; path = Assets.xcassets; sourceTree = "<group>"; };
		92C6ED9E226FCB7A00B6011C /* Base */ = {isa = PBXFileReference; lastKnownFileType = file.storyboard; name = Base; path = Base.lproj/LaunchScreen.storyboard; sourceTree = "<group>"; };
		92C6EDA0226FCB7A00B6011C /* Info.plist */ = {isa = PBXFileReference; lastKnownFileType = text.plist.xml; path = Info.plist; sourceTree = "<group>"; };
		AD5C32F0AD5C30C000000001 /* SampleCode.xcconfig */ = {isa = PBXFileReference; lastKnownFileType = text.xcconfig; name = SampleCode.xcconfig; path = Configuration/SampleCode.xcconfig; sourceTree = "<group>"; };
/* End PBXFileReference section */

/* Begin PBXFrameworksBuildPhase section */
		92C6ED8E226FCB7900B6011C /* Frameworks */ = {
			isa = PBXFrameworksBuildPhase;
			buildActionMask = 2147483647;
			files = (
				50455B97234F3444004B3601 /* CoreBluetooth.framework in Frameworks */,
			);
			runOnlyForDeploymentPostprocessing = 0;
		};
/* End PBXFrameworksBuildPhase section */

/* Begin PBXGroup section */
		50455B95234F3444004B3601 /* Frameworks */ = {
			isa = PBXGroup;
			children = (
				50455B96234F3444004B3601 /* CoreBluetooth.framework */,
			);
			name = Frameworks;
			sourceTree = "<group>";
		};
		92C6ED88226FCB7900B6011C = {
			isa = PBXGroup;
			children = (
				92C6ED93226FCB7900B6011C /* CoreBluetoothClassicSample */,
				92C6ED92226FCB7900B6011C /* Products */,
				AD5C3E30AD5C3DF000000001 /* Configuration */,
				50455B95234F3444004B3601 /* Frameworks */,
			);
			sourceTree = "<group>";
		};
		92C6ED92226FCB7900B6011C /* Products */ = {
			isa = PBXGroup;
			children = (
				92C6ED91226FCB7900B6011C /* CoreBluetoothClassicSample.app */,
			);
			name = Products;
			sourceTree = "<group>";
		};
		92C6ED93226FCB7900B6011C /* CoreBluetoothClassicSample */ = {
			isa = PBXGroup;
			children = (
				92C6ED94226FCB7900B6011C /* AppDelegate.swift */,
				92C6ED96226FCB7900B6011C /* CentralViewController.swift */,
				922FC56C2272832C0073879E /* PeripheralViewController.swift */,
				505E910C235DCB5800894282 /* BesPeripheralInfoTableViewCell.swift */,
				92C6ED98226FCB7900B6011C /* Main.storyboard */,
				92C6ED9B226FCB7A00B6011C /* Assets.xcassets */,
				92C6ED9D226FCB7A00B6011C /* LaunchScreen.storyboard */,
				92C6EDA0226FCB7A00B6011C /* Info.plist */,
			);
			path = CoreBluetoothClassicSample;
			sourceTree = "<group>";
		};
		AD5C3E30AD5C3DF000000001 /* Configuration */ = {
			isa = PBXGroup;
			children = (
				AD5C32F0AD5C30C000000001 /* SampleCode.xcconfig */,
			);
			name = Configuration;
			sourceTree = "<group>";
		};
/* End PBXGroup section */

/* Begin PBXNativeTarget section */
		92C6ED90226FCB7900B6011C /* CoreBluetoothClassicSample */ = {
			isa = PBXNativeTarget;
			buildConfigurationList = 92C6EDA3226FCB7A00B6011C /* Build configuration list for PBXNativeTarget "CoreBluetoothClassicSample" */;
			buildPhases = (
				92C6ED8D226FCB7900B6011C /* Sources */,
				92C6ED8E226FCB7900B6011C /* Frameworks */,
				92C6ED8F226FCB7900B6011C /* Resources */,
			);
			buildRules = (
			);
			dependencies = (
			);
			name = CoreBluetoothClassicSample;
			productName = CattApp;
			productReference = 92C6ED91226FCB7900B6011C /* CoreBluetoothClassicSample.app */;
			productType = "com.apple.product-type.application";
		};
/* End PBXNativeTarget section */

/* Begin PBXProject section */
		92C6ED89226FCB7900B6011C /* Project object */ = {
			isa = PBXProject;
			attributes = {
				DefaultBuildSystemTypeForWorkspace = Latest;
				LastSwiftUpdateCheck = 1100;
				LastUpgradeCheck = 1100;
				ORGANIZATIONNAME = Apple;
				TargetAttributes = {
					92C6ED90226FCB7900B6011C = {
						CreatedOnToolsVersion = 11.0;
					};
				};
			};
			buildConfigurationList = 92C6ED8C226FCB7900B6011C /* Build configuration list for PBXProject "CoreBluetoothClassicSample" */;
			compatibilityVersion = "Xcode 9.3";
			developmentRegion = en;
			hasScannedForEncodings = 0;
			knownRegions = (
				en,
				Base,
			);
			mainGroup = 92C6ED88226FCB7900B6011C;
			productRefGroup = 92C6ED92226FCB7900B6011C /* Products */;
			projectDirPath = "";
			projectRoot = "";
			targets = (
				92C6ED90226FCB7900B6011C /* CoreBluetoothClassicSample */,
			);
		};
/* End PBXProject section */

/* Begin PBXResourcesBuildPhase section */
		92C6ED8F226FCB7900B6011C /* Resources */ = {
			isa = PBXResourcesBuildPhase;
			buildActionMask = 2147483647;
			files = (
				92C6ED9F226FCB7A00B6011C /* LaunchScreen.storyboard in Resources */,
				92C6ED9C226FCB7A00B6011C /* Assets.xcassets in Resources */,
				92C6ED9A226FCB7900B6011C /* Main.storyboard in Resources */,
			);
			runOnlyForDeploymentPostprocessing = 0;
		};
/* End PBXResourcesBuildPhase section */

/* Begin PBXSourcesBuildPhase section */
		92C6ED8D226FCB7900B6011C /* Sources */ = {
			isa = PBXSourcesBuildPhase;
			buildActionMask = 2147483647;
			files = (
				505E910D235DCB5800894282 /* BesPeripheralInfoTableViewCell.swift in Sources */,
				92C6ED97226FCB7900B6011C /* CentralViewController.swift in Sources */,
				922FC56D2272832C0073879E /* PeripheralViewController.swift in Sources */,
				92C6ED95226FCB7900B6011C /* AppDelegate.swift in Sources */,
			);
			runOnlyForDeploymentPostprocessing = 0;
		};
/* End PBXSourcesBuildPhase section */

/* Begin PBXVariantGroup section */
		92C6ED98226FCB7900B6011C /* Main.storyboard */ = {
			isa = PBXVariantGroup;
			children = (
				92C6ED99226FCB7900B6011C /* Base */,
			);
			name = Main.storyboard;
			sourceTree = "<group>";
		};
		92C6ED9D226FCB7A00B6011C /* LaunchScreen.storyboard */ = {
			isa = PBXVariantGroup;
			children = (
				92C6ED9E226FCB7A00B6011C /* Base */,
			);
			name = LaunchScreen.storyboard;
			sourceTree = "<group>";
		};
/* End PBXVariantGroup section */

/* Begin XCBuildConfiguration section */
		92C6EDA1226FCB7A00B6011C /* Debug */ = {
			isa = XCBuildConfiguration;
			baseConfigurationReference = AD5C32F0AD5C30C000000001 /* SampleCode.xcconfig */;
			buildSettings = {
				ALWAYS_SEARCH_USER_PATHS = NO;
				CLANG_ANALYZER_NONNULL = YES;
				CLANG_ANALYZER_NUMBER_OBJECT_CONVERSION = YES_AGGRESSIVE;
				CLANG_CXX_LANGUAGE_STANDARD = "gnu++14";
				CLANG_CXX_LIBRARY = "libc++";
				CLANG_ENABLE_MODULES = YES;
				CLANG_ENABLE_OBJC_ARC = YES;
				CLANG_ENABLE_OBJC_WEAK = YES;
				CLANG_WARN_BLOCK_CAPTURE_AUTORELEASING = YES;
				CLANG_WARN_BOOL_CONVERSION = YES;
				CLANG_WARN_COMMA = YES;
				CLANG_WARN_CONSTANT_CONVERSION = YES;
				CLANG_WARN_DEPRECATED_OBJC_IMPLEMENTATIONS = YES;
				CLANG_WARN_DIRECT_OBJC_ISA_USAGE = YES_ERROR;
				CLANG_WARN_DOCUMENTATION_COMMENTS = YES;
				CLANG_WARN_EMPTY_BODY = YES;
				CLANG_WARN_ENUM_CONVERSION = YES;
				CLANG_WARN_INFINITE_RECURSION = YES;
				CLANG_WARN_INT_CONVERSION = YES;
				CLANG_WARN_NON_LITERAL_NULL_CONVERSION = YES;
				CLANG_WARN_OBJC_IMPLICIT_RETAIN_SELF = YES;
				CLANG_WARN_OBJC_LITERAL_CONVERSION = YES;
				CLANG_WARN_OBJC_ROOT_CLASS = YES_ERROR;
				CLANG_WARN_RANGE_LOOP_ANALYSIS = YES;
				CLANG_WARN_STRICT_PROTOTYPES = YES;
				CLANG_WARN_SUSPICIOUS_MOVE = YES;
				CLANG_WARN_UNGUARDED_AVAILABILITY = YES_AGGRESSIVE;
				CLANG_WARN_UNREACHABLE_CODE = YES;
				CLANG_WARN__DUPLICATE_METHOD_MATCH = YES;
				CODE_SIGN_IDENTITY = "iPhone Developer";
				COPY_PHASE_STRIP = NO;
				DEBUG_INFORMATION_FORMAT = dwarf;
				ENABLE_STRICT_OBJC_MSGSEND = YES;
				ENABLE_TESTABILITY = YES;
				GCC_C_LANGUAGE_STANDARD = gnu11;
				GCC_DYNAMIC_NO_PIC = NO;
				GCC_NO_COMMON_BLOCKS = YES;
				GCC_OPTIMIZATION_LEVEL = 0;
				GCC_PREPROCESSOR_DEFINITIONS = (
					"DEBUG=1",
					"$(inherited)",
				);
				GCC_WARN_64_TO_32_BIT_CONVERSION = YES;
				GCC_WARN_ABOUT_RETURN_TYPE = YES_ERROR;
				GCC_WARN_UNDECLARED_SELECTOR = YES;
				GCC_WARN_UNINITIALIZED_AUTOS = YES_AGGRESSIVE;
				GCC_WARN_UNUSED_FUNCTION = YES;
				GCC_WARN_UNUSED_VARIABLE = YES;
				IPHONEOS_DEPLOYMENT_TARGET = 13.0;
				MTL_ENABLE_DEBUG_INFO = INCLUDE_SOURCE;
				MTL_FAST_MATH = YES;
				ONLY_ACTIVE_ARCH = YES;
				SDKROOT = iphoneos;
				SWIFT_ACTIVE_COMPILATION_CONDITIONS = DEBUG;
				SWIFT_OPTIMIZATION_LEVEL = "-Onone";
			};
			name = Debug;
		};
		92C6EDA2226FCB7A00B6011C /* Release */ = {
			isa = XCBuildConfiguration;
			baseConfigurationReference = AD5C32F0AD5C30C000000001 /* SampleCode.xcconfig */;
			buildSettings = {
				ALWAYS_SEARCH_USER_PATHS = NO;
				CLANG_ANALYZER_NONNULL = YES;
				CLANG_ANALYZER_NUMBER_OBJECT_CONVERSION = YES_AGGRESSIVE;
				CLANG_CXX_LANGUAGE_STANDARD = "gnu++14";
				CLANG_CXX_LIBRARY = "libc++";
				CLANG_ENABLE_MODULES = YES;
				CLANG_ENABLE_OBJC_ARC = YES;
				CLANG_ENABLE_OBJC_WEAK = YES;
				CLANG_WARN_BLOCK_CAPTURE_AUTORELEASING = YES;
				CLANG_WARN_BOOL_CONVERSION = YES;
				CLANG_WARN_COMMA = YES;
				CLANG_WARN_CONSTANT_CONVERSION = YES;
				CLANG_WARN_DEPRECATED_OBJC_IMPLEMENTATIONS = YES;
				CLANG_WARN_DIRECT_OBJC_ISA_USAGE = YES_ERROR;
				CLANG_WARN_DOCUMENTATION_COMMENTS = YES;
				CLANG_WARN_EMPTY_BODY = YES;
				CLANG_WARN_ENUM_CONVERSION = YES;
				CLANG_WARN_INFINITE_RECURSION = YES;
				CLANG_WARN_INT_CONVERSION = YES;
				CLANG_WARN_NON_LITERAL_NULL_CONVERSION = YES;
				CLANG_WARN_OBJC_IMPLICIT_RETAIN_SELF = YES;
				CLANG_WARN_OBJC_LITERAL_CONVERSION = YES;
				CLANG_WARN_OBJC_ROOT_CLASS = YES_ERROR;
				CLANG_WARN_RANGE_LOOP_ANALYSIS = YES;
				CLANG_WARN_STRICT_PROTOTYPES = YES;
				CLANG_WARN_SUSPICIOUS_MOVE = YES;
				CLANG_WARN_UNGUARDED_AVAILABILITY = YES_AGGRESSIVE;
				CLANG_WARN_UNREACHABLE_CODE = YES;
				CLANG_WARN__DUPLICATE_METHOD_MATCH = YES;
				CODE_SIGN_IDENTITY = "iPhone Developer";
				COPY_PHASE_STRIP = NO;
				DEBUG_INFORMATION_FORMAT = "dwarf-with-dsym";
				ENABLE_NS_ASSERTIONS = NO;
				ENABLE_STRICT_OBJC_MSGSEND = YES;
				GCC_C_LANGUAGE_STANDARD = gnu11;
				GCC_NO_COMMON_BLOCKS = YES;
				GCC_WARN_64_TO_32_BIT_CONVERSION = YES;
				GCC_WARN_ABOUT_RETURN_TYPE = YES_ERROR;
				GCC_WARN_UNDECLARED_SELECTOR = YES;
				GCC_WARN_UNINITIALIZED_AUTOS = YES_AGGRESSIVE;
				GCC_WARN_UNUSED_FUNCTION = YES;
				GCC_WARN_UNUSED_VARIABLE = YES;
				IPHONEOS_DEPLOYMENT_TARGET = 13.0;
				MTL_ENABLE_DEBUG_INFO = NO;
				MTL_FAST_MATH = YES;
				SDKROOT = iphoneos;
				SWIFT_COMPILATION_MODE = wholemodule;
				SWIFT_OPTIMIZATION_LEVEL = "-O";
				VALIDATE_PRODUCT = YES;
			};
			name = Release;
		};
		92C6EDA4226FCB7A00B6011C /* Debug */ = {
			isa = XCBuildConfiguration;
			baseConfigurationReference = AD5C32F0AD5C30C000000001 /* SampleCode.xcconfig */;
			buildSettings = {
				ASSETCATALOG_COMPILER_APPICON_NAME = AppIcon;
				CODE_SIGN_IDENTITY = "iPhone Developer";
				CODE_SIGN_STYLE = Automatic;
				DEVELOPMENT_TEAM = 9TM42DC5A7;
				INFOPLIST_FILE = CoreBluetoothClassicSample/Info.plist;
				LD_RUNPATH_SEARCH_PATHS = (
					"$(inherited)",
					"@executable_path/Frameworks",
				);
				PRODUCT_BUNDLE_IDENTIFIER = "com.example.apple-samplecode.CoreBluetoothClassicSample${SAMPLE_CODE_DISAMBIGUATOR}";
				PRODUCT_NAME = "$(TARGET_NAME)";
				PROVISIONING_PROFILE_SPECIFIER = "";
				SWIFT_VERSION = 5.0;
				TARGETED_DEVICE_FAMILY = "1,2";
			};
			name = Debug;
		};
		92C6EDA5226FCB7A00B6011C /* Release */ = {
			isa = XCBuildConfiguration;
			baseConfigurationReference = AD5C32F0AD5C30C000000001 /* SampleCode.xcconfig */;
			buildSettings = {
				ASSETCATALOG_COMPILER_APPICON_NAME = AppIcon;
				CODE_SIGN_IDENTITY = "iPhone Developer";
				CODE_SIGN_STYLE = Automatic;
				DEVELOPMENT_TEAM = 9TM42DC5A7;
				INFOPLIST_FILE = CoreBluetoothClassicSample/Info.plist;
				LD_RUNPATH_SEARCH_PATHS = (
					"$(inherited)",
					"@executable_path/Frameworks",
				);
				PRODUCT_BUNDLE_IDENTIFIER = "com.example.apple-samplecode.CoreBluetoothClassicSample${SAMPLE_CODE_DISAMBIGUATOR}";
				PRODUCT_NAME = "$(TARGET_NAME)";
				PROVISIONING_PROFILE_SPECIFIER = "";
				SWIFT_VERSION = 5.0;
				TARGETED_DEVICE_FAMILY = "1,2";
			};
			name = Release;
		};
/* End XCBuildConfiguration section */

/* Begin XCConfigurationList section */
		92C6ED8C226FCB7900B6011C /* Build configuration list for PBXProject "CoreBluetoothClassicSample" */ = {
			isa = XCConfigurationList;
			buildConfigurations = (
				92C6EDA1226FCB7A00B6011C /* Debug */,
				92C6EDA2226FCB7A00B6011C /* Release */,
			);
			defaultConfigurationIsVisible = 0;
			defaultConfigurationName = Release;
		};
		92C6EDA3226FCB7A00B6011C /* Build configuration list for PBXNativeTarget "CoreBluetoothClassicSample" */ = {
			isa = XCConfigurationList;
			buildConfigurations = (
				92C6EDA4226FCB7A00B6011C /* Debug */,
				92C6EDA5226FCB7A00B6011C /* Release */,
			);
			defaultConfigurationIsVisible = 0;
			defaultConfigurationName = Release;
		};
/* End XCConfigurationList section */
	};
	rootObject = 92C6ED89226FCB7900B6011C /* Project object */;
}
